
Microsoft Visual Studio Solution File, Format Version 12.00
# Visual Studio Version 17
VisualStudioVersion = 17.3.32901.215
MinimumVisualStudioVersion = 10.0.40219.1
Project("{FAE04EC0-301F-11D3-BF4B-00C04F79EFBC}") = "MyWorker", "MyWorker\MyWorker.csproj", "{202ACE04-2AB6-47CF-8996-8EA66464A698}"
EndProject
Global
	GlobalSection(SolutionConfigurationPlatforms) = preSolution
		Debug|Any CPU = Debug|Any CPU
		Release|Any CPU = Release|Any CPU
	EndGlobalSection
	GlobalSection(ProjectConfigurationPlatforms) = postSolution
		{202ACE04-2AB6-47CF-8996-8EA66464A698}.Debug|Any CPU.ActiveCfg = Debug|Any CPU
		{202ACE04-2AB6-47CF-8996-8EA66464A698}.Debug|Any CPU.Build.0 = Debug|Any CPU
		{202ACE04-2AB6-47CF-8996-8EA66464A698}.Release|Any CPU.ActiveCfg = Release|Any CPU
		{202ACE04-2AB6-47CF-8996-8EA66464A698}.Release|Any CPU.Build.0 = Release|Any CPU
	EndGlobalSection
	GlobalSection(SolutionProperties) = preSolution
		HideSolutionNode = FALSE
	EndGlobalSection
	GlobalSection(ExtensibilityGlobals) = postSolution
		SolutionGuid = {28E49978-B99F-47BC-B69E-BA395FAF5B2A}
	EndGlobalSection
EndGlobal
